
Microsoft Visual Studio Solution File, Format Version 12.00
# Visual Studio Version 16
VisualStudioVersion = 16.0.29905.134
MinimumVisualStudioVersion = 10.0.40219.1
Project("{FAE04EC0-301F-11D3-BF4B-00C04F79EFBC}") = "WordFinder", "WordFinder\WordFinder.csproj", "{06D6D6FA-C4C7-470B-985B-D1B9F15F5F54}"
EndProject
Project("{FAE04EC0-301F-11D3-BF4B-00C04F79EFBC}") = "TestWordFinder", "TestWordFinder\TestWordFinder.csproj", "{5008310D-4719-4A3D-B4FA-682E61DE175C}"
EndProject
Global
	GlobalSection(SolutionConfigurationPlatforms) = preSolution
		Debug|Any CPU = Debug|Any CPU
		Release|Any CPU = Release|Any CPU
	EndGlobalSection
	GlobalSection(ProjectConfigurationPlatforms) = postSolution
		{06D6D6FA-C4C7-470B-985B-D1B9F15F5F54}.Debug|Any CPU.ActiveCfg = Debug|Any CPU
		{06D6D6FA-C4C7-470B-985B-D1B9F15F5F54}.Debug|Any CPU.Build.0 = Debug|Any CPU
		{06D6D6FA-C4C7-470B-985B-D1B9F15F5F54}.Release|Any CPU.ActiveCfg = Release|Any CPU
		{06D6D6FA-C4C7-470B-985B-D1B9F15F5F54}.Release|Any CPU.Build.0 = Release|Any CPU
		{5008310D-4719-4A3D-B4FA-682E61DE175C}.Debug|Any CPU.ActiveCfg = Debug|Any CPU
		{5008310D-4719-4A3D-B4FA-682E61DE175C}.Debug|Any CPU.Build.0 = Debug|Any CPU
		{5008310D-4719-4A3D-B4FA-682E61DE175C}.Release|Any CPU.ActiveCfg = Release|Any CPU
		{5008310D-4719-4A3D-B4FA-682E61DE175C}.Release|Any CPU.Build.0 = Release|Any CPU
	EndGlobalSection
	GlobalSection(SolutionProperties) = preSolution
		HideSolutionNode = FALSE
	EndGlobalSection
	GlobalSection(ExtensibilityGlobals) = postSolution
		SolutionGuid = {0981D621-234E-4F7F-8EFA-CC1E544D18B9}
	EndGlobalSection
EndGlobal
